
Microsoft Visual Studio Solution File, Format Version 12.00
# Visual Studio Version 16
VisualStudioVersion = 16.0.30320.27
MinimumVisualStudioVersion = 10.0.40219.1
Project("{9A19103F-16F7-4668-BE54-9A1E7A4F7556}") = "MvcCurrency", "MvcCurrency.csproj", "{F150EF7C-4358-44BF-905A-C07540A95BDB}"
EndProject
Global
	GlobalSection(SolutionConfigurationPlatforms) = preSolution
		Debug|Any CPU = Debug|Any CPU
		Release|Any CPU = Release|Any CPU
	EndGlobalSection
	GlobalSection(ProjectConfigurationPlatforms) = postSolution
		{F150EF7C-4358-44BF-905A-C07540A95BDB}.Debug|Any CPU.ActiveCfg = Debug|Any CPU
		{F150EF7C-4358-44BF-905A-C07540A95BDB}.Debug|Any CPU.Build.0 = Debug|Any CPU
		{F150EF7C-4358-44BF-905A-C07540A95BDB}.Release|Any CPU.ActiveCfg = Release|Any CPU
		{F150EF7C-4358-44BF-905A-C07540A95BDB}.Release|Any CPU.Build.0 = Release|Any CPU
	EndGlobalSection
	GlobalSection(SolutionProperties) = preSolution
		HideSolutionNode = FALSE
	EndGlobalSection
	GlobalSection(ExtensibilityGlobals) = postSolution
		SolutionGuid = {8F73CFB6-62FA-4ACA-B0A6-38EACED1F622}
	EndGlobalSection
EndGlobal
